
Microsoft Visual Studio Solution File, Format Version 12.00
# Visual Studio Version 16
VisualStudioVersion = 16.0.31112.23
MinimumVisualStudioVersion = 10.0.40219.1
Project("{FAE04EC0-301F-11D3-BF4B-00C04F79EFBC}") = "Namespaces", "Namespaces\Namespaces.csproj", "{FD4CA616-8B4F-4385-BA3F-7C4E11F3F8E5}"
EndProject
Global
	GlobalSection(SolutionConfigurationPlatforms) = preSolution
		Debug|Any CPU = Debug|Any CPU
		Release|Any CPU = Release|Any CPU
	EndGlobalSection
	GlobalSection(ProjectConfigurationPlatforms) = postSolution
		{FD4CA616-8B4F-4385-BA3F-7C4E11F3F8E5}.Debug|Any CPU.ActiveCfg = Debug|Any CPU
		{FD4CA616-8B4F-4385-BA3F-7C4E11F3F8E5}.Debug|Any CPU.Build.0 = Debug|Any CPU
		{FD4CA616-8B4F-4385-BA3F-7C4E11F3F8E5}.Release|Any CPU.ActiveCfg = Release|Any CPU
		{FD4CA616-8B4F-4385-BA3F-7C4E11F3F8E5}.Release|Any CPU.Build.0 = Release|Any CPU
	EndGlobalSection
	GlobalSection(SolutionProperties) = preSolution
		HideSolutionNode = FALSE
	EndGlobalSection
	GlobalSection(ExtensibilityGlobals) = postSolution
		SolutionGuid = {22A4B6F8-9DDC-4924-8CBE-253AAD42F135}
	EndGlobalSection
EndGlobal
